
Microsoft Visual Studio Solution File, Format Version 12.00
# Visual Studio 14
VisualStudioVersion = 14.0.25123.0
MinimumVisualStudioVersion = 10.0.40219.1
Project("{FAE04EC0-301F-11D3-BF4B-00C04F79EFBC}") = "MapSample.Droid", "MapSample\MapSample.Droid\MapSample.Droid.csproj", "{66C763AF-0C50-4F7C-B5F2-DA996A394BFA}"
EndProject
Project("{FAE04EC0-301F-11D3-BF4B-00C04F79EFBC}") = "MapSample.iOS", "MapSample\MapSample.iOS\MapSample.iOS.csproj", "{B9BF3F85-6ED3-427D-92F9-5AAA22D30A02}"
EndProject
Project("{FAE04EC0-301F-11D3-BF4B-00C04F79EFBC}") = "MapSample.WinPhone", "MapSample\MapSample.WinPhone\MapSample.WinPhone.csproj", "{0A853564-D848-4884-AB5B-B2FF257255BF}"
EndProject
Project("{FAE04EC0-301F-11D3-BF4B-00C04F79EFBC}") = "MapSample.UWP", "MapSample\MapSample.UWP\MapSample.UWP.csproj", "{F847B968-EC14-44F9-AB68-FD0A2119B092}"
EndProject
Project("{FAE04EC0-301F-11D3-BF4B-00C04F79EFBC}") = "MapSample.Windows", "MapSample\MapSample.Windows\MapSample.Windows.csproj", "{0D05D2F8-B30F-415F-9F8A-DD628ECF3BC0}"
EndProject
Project("{FAE04EC0-301F-11D3-BF4B-00C04F79EFBC}") = "MapSample", "MapSample\MapSample\MapSample.csproj", "{1E526D04-98B4-4F8C-88C9-902E9309F951}"
EndProject
Global
	GlobalSection(SolutionConfigurationPlatforms) = preSolution
		Ad-Hoc|Any CPU = Ad-Hoc|Any CPU
		Ad-Hoc|ARM = Ad-Hoc|ARM
		Ad-Hoc|iPhone = Ad-Hoc|iPhone
		Ad-Hoc|iPhoneSimulator = Ad-Hoc|iPhoneSimulator
		Ad-Hoc|x64 = Ad-Hoc|x64
		Ad-Hoc|x86 = Ad-Hoc|x86
		AppStore|Any CPU = AppStore|Any CPU
		AppStore|ARM = AppStore|ARM
		AppStore|iPhone = AppStore|iPhone
		AppStore|iPhoneSimulator = AppStore|iPhoneSimulator
		AppStore|x64 = AppStore|x64
		AppStore|x86 = AppStore|x86
		Debug|Any CPU = Debug|Any CPU
		Debug|ARM = Debug|ARM
		Debug|iPhone = Debug|iPhone
		Debug|iPhoneSimulator = Debug|iPhoneSimulator
		Debug|x64 = Debug|x64
		Debug|x86 = Debug|x86
		Release|Any CPU = Release|Any CPU
		Release|ARM = Release|ARM
		Release|iPhone = Release|iPhone
		Release|iPhoneSimulator = Release|iPhoneSimulator
		Release|x64 = Release|x64
		Release|x86 = Release|x86
	EndGlobalSection
	GlobalSection(ProjectConfigurationPlatforms) = postSolution
		{66C763AF-0C50-4F7C-B5F2-DA996A394BFA}.Ad-Hoc|Any CPU.ActiveCfg = Release|Any CPU
		{66C763AF-0C50-4F7C-B5F2-DA996A394BFA}.Ad-Hoc|Any CPU.Build.0 = Release|Any CPU
		{66C763AF-0C50-4F7C-B5F2-DA996A394BFA}.Ad-Hoc|Any CPU.Deploy.0 = Release|Any CPU
		{66C763AF-0C50-4F7C-B5F2-DA996A394BFA}.Ad-Hoc|ARM.ActiveCfg = Release|Any CPU
		{66C763AF-0C50-4F7C-B5F2-DA996A394BFA}.Ad-Hoc|ARM.Build.0 = Release|Any CPU
		{66C763AF-0C50-4F7C-B5F2-DA996A394BFA}.Ad-Hoc|ARM.Deploy.0 = Release|Any CPU
		{66C763AF-0C50-4F7C-B5F2-DA996A394BFA}.Ad-Hoc|iPhone.ActiveCfg = Release|Any CPU
		{66C763AF-0C50-4F7C-B5F2-DA996A394BFA}.Ad-Hoc|iPhone.Build.0 = Release|Any CPU
		{66C763AF-0C50-4F7C-B5F2-DA996A394BFA}.Ad-Hoc|iPhone.Deploy.0 = Release|Any CPU
		{66C763AF-0C50-4F7C-B5F2-DA996A394BFA}.Ad-Hoc|iPhoneSimulator.ActiveCfg = Release|Any CPU
		{66C763AF-0C50-4F7C-B5F2-DA996A394BFA}.Ad-Hoc|iPhoneSimulator.Build.0 = Release|Any CPU
		{66C763AF-0C50-4F7C-B5F2-DA996A394BFA}.Ad-Hoc|iPhoneSimulator.Deploy.0 = Release|Any CPU
		{66C763AF-0C50-4F7C-B5F2-DA996A394BFA}.Ad-Hoc|x64.ActiveCfg = Release|Any CPU
		{66C763AF-0C50-4F7C-B5F2-DA996A394BFA}.Ad-Hoc|x64.Build.0 = Release|Any CPU
		{66C763AF-0C50-4F7C-B5F2-DA996A394BFA}.Ad-Hoc|x64.Deploy.0 = Release|Any CPU
		{66C763AF-0C50-4F7C-B5F2-DA996A394BFA}.Ad-Hoc|x86.ActiveCfg = Release|Any CPU
		{66C763AF-0C50-4F7C-B5F2-DA996A394BFA}.Ad-Hoc|x86.Build.0 = Release|Any CPU
		{66C763AF-0C50-4F7C-B5F2-DA996A394BFA}.Ad-Hoc|x86.Deploy.0 = Release|Any CPU
		{66C763AF-0C50-4F7C-B5F2-DA996A394BFA}.AppStore|Any CPU.ActiveCfg = Release|Any CPU
		{66C763AF-0C50-4F7C-B5F2-DA996A394BFA}.AppStore|Any CPU.Build.0 = Release|Any CPU
		{66C763AF-0C50-4F7C-B5F2-DA996A394BFA}.AppStore|Any CPU.Deploy.0 = Release|Any CPU
		{66C763AF-0C50-4F7C-B5F2-DA996A394BFA}.AppStore|ARM.ActiveCfg = Release|Any CPU
		{66C763AF-0C50-4F7C-B5F2-DA996A394BFA}.AppStore|ARM.Build.0 = Release|Any CPU
		{66C763AF-0C50-4F7C-B5F2-DA996A394BFA}.AppStore|ARM.Deploy.0 = Release|Any CPU
		{66C763AF-0C50-4F7C-B5F2-DA996A394BFA}.AppStore|iPhone.ActiveCfg = Release|Any CPU
		{66C763AF-0C50-4F7C-B5F2-DA996A394BFA}.AppStore|iPhone.Build.0 = Release|Any CPU
		{66C763AF-0C50-4F7C-B5F2-DA996A394BFA}.AppStore|iPhone.Deploy.0 = Release|Any CPU
		{66C763AF-0C50-4F7C-B5F2-DA996A394BFA}.AppStore|iPhoneSimulator.ActiveCfg = Release|Any CPU
		{66C763AF-0C50-4F7C-B5F2-DA996A394BFA}.AppStore|iPhoneSimulator.Build.0 = Release|Any CPU
		{66C763AF-0C50-4F7C-B5F2-DA996A394BFA}.AppStore|iPhoneSimulator.Deploy.0 = Release|Any CPU
		{66C763AF-0C50-4F7C-B5F2-DA996A394BFA}.AppStore|x64.ActiveCfg = Release|Any CPU
		{66C763AF-0C50-4F7C-B5F2-DA996A394BFA}.AppStore|x64.Build.0 = Release|Any CPU
		{66C763AF-0C50-4F7C-B5F2-DA996A394BFA}.AppStore|x64.Deploy.0 = Release|Any CPU
		{66C763AF-0C50-4F7C-B5F2-DA996A394BFA}.AppStore|x86.ActiveCfg = Release|Any CPU
		{66C763AF-0C50-4F7C-B5F2-DA996A394BFA}.AppStore|x86.Build.0 = Release|Any CPU
		{66C763AF-0C50-4F7C-B5F2-DA996A394BFA}.AppStore|x86.Deploy.0 = Release|Any CPU
		{66C763AF-0C50-4F7C-B5F2-DA996A394BFA}.Debug|Any CPU.ActiveCfg = Debug|Any CPU
		{66C763AF-0C50-4F7C-B5F2-DA996A394BFA}.Debug|Any CPU.Build.0 = Debug|Any CPU
		{66C763AF-0C50-4F7C-B5F2-DA996A394BFA}.Debug|Any CPU.Deploy.0 = Debug|Any CPU
		{66C763AF-0C50-4F7C-B5F2-DA996A394BFA}.Debug|ARM.ActiveCfg = Debug|Any CPU
		{66C763AF-0C50-4F7C-B5F2-DA996A394BFA}.Debug|ARM.Build.0 = Debug|Any CPU
		{66C763AF-0C50-4F7C-B5F2-DA996A394BFA}.Debug|ARM.Deploy.0 = Debug|Any CPU
		{66C763AF-0C50-4F7C-B5F2-DA996A394BFA}.Debug|iPhone.ActiveCfg = Debug|Any CPU
		{66C763AF-0C50-4F7C-B5F2-DA996A394BFA}.Debug|iPhone.Build.0 = Debug|Any CPU
		{66C763AF-0C50-4F7C-B5F2-DA996A394BFA}.Debug|iPhone.Deploy.0 = Debug|Any CPU
		{66C763AF-0C50-4F7C-B5F2-DA996A394BFA}.Debug|iPhoneSimulator.ActiveCfg = Debug|Any CPU
		{66C763AF-0C50-4F7C-B5F2-DA996A394BFA}.Debug|iPhoneSimulator.Build.0 = Debug|Any CPU
		{66C763AF-0C50-4F7C-B5F2-DA996A394BFA}.Debug|iPhoneSimulator.Deploy.0 = Debug|Any CPU
		{66C763AF-0C50-4F7C-B5F2-DA996A394BFA}.Debug|x64.ActiveCfg = Debug|Any CPU
		{66C763AF-0C50-4F7C-B5F2-DA996A394BFA}.Debug|x64.Build.0 = Debug|Any CPU
		{66C763AF-0C50-4F7C-B5F2-DA996A394BFA}.Debug|x64.Deploy.0 = Debug|Any CPU
		{66C763AF-0C50-4F7C-B5F2-DA996A394BFA}.Debug|x86.ActiveCfg = Debug|Any CPU
		{66C763AF-0C50-4F7C-B5F2-DA996A394BFA}.Debug|x86.Build.0 = Debug|Any CPU
		{66C763AF-0C50-4F7C-B5F2-DA996A394BFA}.Debug|x86.Deploy.0 = Debug|Any CPU
		{66C763AF-0C50-4F7C-B5F2-DA996A394BFA}.Release|Any CPU.ActiveCfg = Release|Any CPU
		{66C763AF-0C50-4F7C-B5F2-DA996A394BFA}.Release|Any CPU.Build.0 = Release|Any CPU
		{66C763AF-0C50-4F7C-B5F2-DA996A394BFA}.Release|Any CPU.Deploy.0 = Release|Any CPU
		{66C763AF-0C50-4F7C-B5F2-DA996A394BFA}.Release|ARM.ActiveCfg = Release|Any CPU
		{66C763AF-0C50-4F7C-B5F2-DA996A394BFA}.Release|ARM.Build.0 = Release|Any CPU
		{66C763AF-0C50-4F7C-B5F2-DA996A394BFA}.Release|ARM.Deploy.0 = Release|Any CPU
		{66C763AF-0C50-4F7C-B5F2-DA996A394BFA}.Release|iPhone.ActiveCfg = Release|Any CPU
		{66C763AF-0C50-4F7C-B5F2-DA996A394BFA}.Release|iPhone.Build.0 = Release|Any CPU
		{66C763AF-0C50-4F7C-B5F2-DA996A394BFA}.Release|iPhone.Deploy.0 = Release|Any CPU
		{66C763AF-0C50-4F7C-B5F2-DA996A394BFA}.Release|iPhoneSimulator.ActiveCfg = Release|Any CPU
		{66C763AF-0C50-4F7C-B5F2-DA996A394BFA}.Release|iPhoneSimulator.Build.0 = Release|Any CPU
		{66C763AF-0C50-4F7C-B5F2-DA996A394BFA}.Release|iPhoneSimulator.Deploy.0 = Release|Any CPU
		{66C763AF-0C50-4F7C-B5F2-DA996A394BFA}.Release|x64.ActiveCfg = Release|Any CPU
		{66C763AF-0C50-4F7C-B5F2-DA996A394BFA}.Release|x64.Build.0 = Release|Any CPU
		{66C763AF-0C50-4F7C-B5F2-DA996A394BFA}.Release|x64.Deploy.0 = Release|Any CPU
		{66C763AF-0C50-4F7C-B5F2-DA996A394BFA}.Release|x86.ActiveCfg = Release|Any CPU
		{66C763AF-0C50-4F7C-B5F2-DA996A394BFA}.Release|x86.Build.0 = Release|Any CPU
		{66C763AF-0C50-4F7C-B5F2-DA996A394BFA}.Release|x86.Deploy.0 = Release|Any CPU
		{B9BF3F85-6ED3-427D-92F9-5AAA22D30A02}.Ad-Hoc|Any CPU.ActiveCfg = Ad-Hoc|iPhone
		{B9BF3F85-6ED3-427D-92F9-5AAA22D30A02}.Ad-Hoc|ARM.ActiveCfg = Ad-Hoc|iPhone
		{B9BF3F85-6ED3-427D-92F9-5AAA22D30A02}.Ad-Hoc|iPhone.ActiveCfg = Ad-Hoc|iPhone
		{B9BF3F85-6ED3-427D-92F9-5AAA22D30A02}.Ad-Hoc|iPhone.Build.0 = Ad-Hoc|iPhone
		{B9BF3F85-6ED3-427D-92F9-5AAA22D30A02}.Ad-Hoc|iPhoneSimulator.ActiveCfg = Ad-Hoc|iPhoneSimulator
		{B9BF3F85-6ED3-427D-92F9-5AAA22D30A02}.Ad-Hoc|iPhoneSimulator.Build.0 = Ad-Hoc|iPhoneSimulator
		{B9BF3F85-6ED3-427D-92F9-5AAA22D30A02}.Ad-Hoc|x64.ActiveCfg = Ad-Hoc|iPhone
		{B9BF3F85-6ED3-427D-92F9-5AAA22D30A02}.Ad-Hoc|x86.ActiveCfg = Ad-Hoc|iPhone
		{B9BF3F85-6ED3-427D-92F9-5AAA22D30A02}.AppStore|Any CPU.ActiveCfg = AppStore|iPhone
		{B9BF3F85-6ED3-427D-92F9-5AAA22D30A02}.AppStore|ARM.ActiveCfg = AppStore|iPhone
		{B9BF3F85-6ED3-427D-92F9-5AAA22D30A02}.AppStore|iPhone.ActiveCfg = AppStore|iPhone
		{B9BF3F85-6ED3-427D-92F9-5AAA22D30A02}.AppStore|iPhone.Build.0 = AppStore|iPhone
		{B9BF3F85-6ED3-427D-92F9-5AAA22D30A02}.AppStore|iPhoneSimulator.ActiveCfg = AppStore|iPhoneSimulator
		{B9BF3F85-6ED3-427D-92F9-5AAA22D30A02}.AppStore|iPhoneSimulator.Build.0 = AppStore|iPhoneSimulator
		{B9BF3F85-6ED3-427D-92F9-5AAA22D30A02}.AppStore|x64.ActiveCfg = AppStore|iPhone
		{B9BF3F85-6ED3-427D-92F9-5AAA22D30A02}.AppStore|x86.ActiveCfg = AppStore|iPhone
		{B9BF3F85-6ED3-427D-92F9-5AAA22D30A02}.Debug|Any CPU.ActiveCfg = Debug|iPhone
		{B9BF3F85-6ED3-427D-92F9-5AAA22D30A02}.Debug|ARM.ActiveCfg = Debug|iPhone
		{B9BF3F85-6ED3-427D-92F9-5AAA22D30A02}.Debug|iPhone.ActiveCfg = Debug|iPhone
		{B9BF3F85-6ED3-427D-92F9-5AAA22D30A02}.Debug|iPhone.Build.0 = Debug|iPhone
		{B9BF3F85-6ED3-427D-92F9-5AAA22D30A02}.Debug|iPhoneSimulator.ActiveCfg = Debug|iPhoneSimulator
		{B9BF3F85-6ED3-427D-92F9-5AAA22D30A02}.Debug|iPhoneSimulator.Build.0 = Debug|iPhoneSimulator
		{B9BF3F85-6ED3-427D-92F9-5AAA22D30A02}.Debug|x64.ActiveCfg = Debug|iPhone
		{B9BF3F85-6ED3-427D-92F9-5AAA22D30A02}.Debug|x86.ActiveCfg = Debug|iPhone
		{B9BF3F85-6ED3-427D-92F9-5AAA22D30A02}.Release|Any CPU.ActiveCfg = Release|iPhone
		{B9BF3F85-6ED3-427D-92F9-5AAA22D30A02}.Release|ARM.ActiveCfg = Release|iPhone
		{B9BF3F85-6ED3-427D-92F9-5AAA22D30A02}.Release|iPhone.ActiveCfg = Release|iPhone
		{B9BF3F85-6ED3-427D-92F9-5AAA22D30A02}.Release|iPhone.Build.0 = Release|iPhone
		{B9BF3F85-6ED3-427D-92F9-5AAA22D30A02}.Release|iPhoneSimulator.ActiveCfg = Release|iPhoneSimulator
		{B9BF3F85-6ED3-427D-92F9-5AAA22D30A02}.Release|iPhoneSimulator.Build.0 = Release|iPhoneSimulator
		{B9BF3F85-6ED3-427D-92F9-5AAA22D30A02}.Release|x64.ActiveCfg = Release|iPhone
		{B9BF3F85-6ED3-427D-92F9-5AAA22D30A02}.Release|x86.ActiveCfg = Release|iPhone
		{0A853564-D848-4884-AB5B-B2FF257255BF}.Ad-Hoc|Any CPU.ActiveCfg = Release|Any CPU
		{0A853564-D848-4884-AB5B-B2FF257255BF}.Ad-Hoc|Any CPU.Build.0 = Release|Any CPU
		{0A853564-D848-4884-AB5B-B2FF257255BF}.Ad-Hoc|Any CPU.Deploy.0 = Release|Any CPU
		{0A853564-D848-4884-AB5B-B2FF257255BF}.Ad-Hoc|ARM.ActiveCfg = Release|ARM
		{0A853564-D848-4884-AB5B-B2FF257255BF}.Ad-Hoc|ARM.Build.0 = Release|ARM
		{0A853564-D848-4884-AB5B-B2FF257255BF}.Ad-Hoc|ARM.Deploy.0 = Release|ARM
		{0A853564-D848-4884-AB5B-B2FF257255BF}.Ad-Hoc|iPhone.ActiveCfg = Release|Any CPU
		{0A853564-D848-4884-AB5B-B2FF257255BF}.Ad-Hoc|iPhone.Build.0 = Release|Any CPU
		{0A853564-D848-4884-AB5B-B2FF257255BF}.Ad-Hoc|iPhone.Deploy.0 = Release|Any CPU
		{0A853564-D848-4884-AB5B-B2FF257255BF}.Ad-Hoc|iPhoneSimulator.ActiveCfg = Release|Any CPU
		{0A853564-D848-4884-AB5B-B2FF257255BF}.Ad-Hoc|iPhoneSimulator.Build.0 = Release|Any CPU
		{0A853564-D848-4884-AB5B-B2FF257255BF}.Ad-Hoc|iPhoneSimulator.Deploy.0 = Release|Any CPU
		{0A853564-D848-4884-AB5B-B2FF257255BF}.Ad-Hoc|x64.ActiveCfg = Release|Any CPU
		{0A853564-D848-4884-AB5B-B2FF257255BF}.Ad-Hoc|x64.Build.0 = Release|Any CPU
		{0A853564-D848-4884-AB5B-B2FF257255BF}.Ad-Hoc|x64.Deploy.0 = Release|Any CPU
		{0A853564-D848-4884-AB5B-B2FF257255BF}.Ad-Hoc|x86.ActiveCfg = Release|x86
		{0A853564-D848-4884-AB5B-B2FF257255BF}.Ad-Hoc|x86.Build.0 = Release|x86
		{0A853564-D848-4884-AB5B-B2FF257255BF}.Ad-Hoc|x86.Deploy.0 = Release|x86
		{0A853564-D848-4884-AB5B-B2FF257255BF}.AppStore|Any CPU.ActiveCfg = Release|Any CPU
		{0A853564-D848-4884-AB5B-B2FF257255BF}.AppStore|Any CPU.Build.0 = Release|Any CPU
		{0A853564-D848-4884-AB5B-B2FF257255BF}.AppStore|Any CPU.Deploy.0 = Release|Any CPU
		{0A853564-D848-4884-AB5B-B2FF257255BF}.AppStore|ARM.ActiveCfg = Release|ARM
		{0A853564-D848-4884-AB5B-B2FF257255BF}.AppStore|ARM.Build.0 = Release|ARM
		{0A853564-D848-4884-AB5B-B2FF257255BF}.AppStore|ARM.Deploy.0 = Release|ARM
		{0A853564-D848-4884-AB5B-B2FF257255BF}.AppStore|iPhone.ActiveCfg = Release|Any CPU
		{0A853564-D848-4884-AB5B-B2FF257255BF}.AppStore|iPhone.Build.0 = Release|Any CPU
		{0A853564-D848-4884-AB5B-B2FF257255BF}.AppStore|iPhone.Deploy.0 = Release|Any CPU
		{0A853564-D848-4884-AB5B-B2FF257255BF}.AppStore|iPhoneSimulator.ActiveCfg = Release|Any CPU
		{0A853564-D848-4884-AB5B-B2FF257255BF}.AppStore|iPhoneSimulator.Build.0 = Release|Any CPU
		{0A853564-D848-4884-AB5B-B2FF257255BF}.AppStore|iPhoneSimulator.Deploy.0 = Release|Any CPU
		{0A853564-D848-4884-AB5B-B2FF257255BF}.AppStore|x64.ActiveCfg = Release|Any CPU
		{0A853564-D848-4884-AB5B-B2FF257255BF}.AppStore|x64.Build.0 = Release|Any CPU
		{0A853564-D848-4884-AB5B-B2FF257255BF}.AppStore|x64.Deploy.0 = Release|Any CPU
		{0A853564-D848-4884-AB5B-B2FF257255BF}.AppStore|x86.ActiveCfg = Release|x86
		{0A853564-D848-4884-AB5B-B2FF257255BF}.AppStore|x86.Build.0 = Release|x86
		{0A853564-D848-4884-AB5B-B2FF257255BF}.AppStore|x86.Deploy.0 = Release|x86
		{0A853564-D848-4884-AB5B-B2FF257255BF}.Debug|Any CPU.ActiveCfg = Debug|Any CPU
		{0A853564-D848-4884-AB5B-B2FF257255BF}.Debug|Any CPU.Build.0 = Debug|Any CPU
		{0A853564-D848-4884-AB5B-B2FF257255BF}.Debug|Any CPU.Deploy.0 = Debug|Any CPU
		{0A853564-D848-4884-AB5B-B2FF257255BF}.Debug|ARM.ActiveCfg = Debug|ARM
		{0A853564-D848-4884-AB5B-B2FF257255BF}.Debug|ARM.Build.0 = Debug|ARM
		{0A853564-D848-4884-AB5B-B2FF257255BF}.Debug|ARM.Deploy.0 = Debug|ARM
		{0A853564-D848-4884-AB5B-B2FF257255BF}.Debug|iPhone.ActiveCfg = Debug|Any CPU
		{0A853564-D848-4884-AB5B-B2FF257255BF}.Debug|iPhone.Build.0 = Debug|Any CPU
		{0A853564-D848-4884-AB5B-B2FF257255BF}.Debug|iPhone.Deploy.0 = Debug|Any CPU
		{0A853564-D848-4884-AB5B-B2FF257255BF}.Debug|iPhoneSimulator.ActiveCfg = Debug|Any CPU
		{0A853564-D848-4884-AB5B-B2FF257255BF}.Debug|iPhoneSimulator.Build.0 = Debug|Any CPU
		{0A853564-D848-4884-AB5B-B2FF257255BF}.Debug|iPhoneSimulator.Deploy.0 = Debug|Any CPU
		{0A853564-D848-4884-AB5B-B2FF257255BF}.Debug|x64.ActiveCfg = Debug|Any CPU
		{0A853564-D848-4884-AB5B-B2FF257255BF}.Debug|x64.Build.0 = Debug|Any CPU
		{0A853564-D848-4884-AB5B-B2FF257255BF}.Debug|x64.Deploy.0 = Debug|Any CPU
		{0A853564-D848-4884-AB5B-B2FF257255BF}.Debug|x86.ActiveCfg = Debug|x86
		{0A853564-D848-4884-AB5B-B2FF257255BF}.Debug|x86.Build.0 = Debug|x86
		{0A853564-D848-4884-AB5B-B2FF257255BF}.Debug|x86.Deploy.0 = Debug|x86
		{0A853564-D848-4884-AB5B-B2FF257255BF}.Release|Any CPU.ActiveCfg = Release|Any CPU
		{0A853564-D848-4884-AB5B-B2FF257255BF}.Release|Any CPU.Build.0 = Release|Any CPU
		{0A853564-D848-4884-AB5B-B2FF257255BF}.Release|Any CPU.Deploy.0 = Release|Any CPU
		{0A853564-D848-4884-AB5B-B2FF257255BF}.Release|ARM.ActiveCfg = Release|ARM
		{0A853564-D848-4884-AB5B-B2FF257255BF}.Release|ARM.Build.0 = Release|ARM
		{0A853564-D848-4884-AB5B-B2FF257255BF}.Release|ARM.Deploy.0 = Release|ARM
		{0A853564-D848-4884-AB5B-B2FF257255BF}.Release|iPhone.ActiveCfg = Release|Any CPU
		{0A853564-D848-4884-AB5B-B2FF257255BF}.Release|iPhone.Build.0 = Release|Any CPU
		{0A853564-D848-4884-AB5B-B2FF257255BF}.Release|iPhone.Deploy.0 = Release|Any CPU
		{0A853564-D848-4884-AB5B-B2FF257255BF}.Release|iPhoneSimulator.ActiveCfg = Release|Any CPU
		{0A853564-D848-4884-AB5B-B2FF257255BF}.Release|iPhoneSimulator.Build.0 = Release|Any CPU
		{0A853564-D848-4884-AB5B-B2FF257255BF}.Release|iPhoneSimulator.Deploy.0 = Release|Any CPU
		{0A853564-D848-4884-AB5B-B2FF257255BF}.Release|x64.ActiveCfg = Release|Any CPU
		{0A853564-D848-4884-AB5B-B2FF257255BF}.Release|x64.Build.0 = Release|Any CPU
		{0A853564-D848-4884-AB5B-B2FF257255BF}.Release|x64.Deploy.0 = Release|Any CPU
		{0A853564-D848-4884-AB5B-B2FF257255BF}.Release|x86.ActiveCfg = Release|x86
		{0A853564-D848-4884-AB5B-B2FF257255BF}.Release|x86.Build.0 = Release|x86
		{0A853564-D848-4884-AB5B-B2FF257255BF}.Release|x86.Deploy.0 = Release|x86
		{F847B968-EC14-44F9-AB68-FD0A2119B092}.Ad-Hoc|Any CPU.ActiveCfg = Release|x86
		{F847B968-EC14-44F9-AB68-FD0A2119B092}.Ad-Hoc|Any CPU.Build.0 = Release|x86
		{F847B968-EC14-44F9-AB68-FD0A2119B092}.Ad-Hoc|Any CPU.Deploy.0 = Release|x86
		{F847B968-EC14-44F9-AB68-FD0A2119B092}.Ad-Hoc|ARM.ActiveCfg = Release|ARM
		{F847B968-EC14-44F9-AB68-FD0A2119B092}.Ad-Hoc|ARM.Build.0 = Release|ARM
		{F847B968-EC14-44F9-AB68-FD0A2119B092}.Ad-Hoc|ARM.Deploy.0 = Release|ARM
		{F847B968-EC14-44F9-AB68-FD0A2119B092}.Ad-Hoc|iPhone.ActiveCfg = Release|x86
		{F847B968-EC14-44F9-AB68-FD0A2119B092}.Ad-Hoc|iPhone.Build.0 = Release|x86
		{F847B968-EC14-44F9-AB68-FD0A2119B092}.Ad-Hoc|iPhone.Deploy.0 = Release|x86
		{F847B968-EC14-44F9-AB68-FD0A2119B092}.Ad-Hoc|iPhoneSimulator.ActiveCfg = Release|x86
		{F847B968-EC14-44F9-AB68-FD0A2119B092}.Ad-Hoc|iPhoneSimulator.Build.0 = Release|x86
		{F847B968-EC14-44F9-AB68-FD0A2119B092}.Ad-Hoc|iPhoneSimulator.Deploy.0 = Release|x86
		{F847B968-EC14-44F9-AB68-FD0A2119B092}.Ad-Hoc|x64.ActiveCfg = Release|x64
		{F847B968-EC14-44F9-AB68-FD0A2119B092}.Ad-Hoc|x64.Build.0 = Release|x64
		{F847B968-EC14-44F9-AB68-FD0A2119B092}.Ad-Hoc|x64.Deploy.0 = Release|x64
		{F847B968-EC14-44F9-AB68-FD0A2119B092}.Ad-Hoc|x86.ActiveCfg = Release|x86
		{F847B968-EC14-44F9-AB68-FD0A2119B092}.Ad-Hoc|x86.Build.0 = Release|x86
		{F847B968-EC14-44F9-AB68-FD0A2119B092}.Ad-Hoc|x86.Deploy.0 = Release|x86
		{F847B968-EC14-44F9-AB68-FD0A2119B092}.AppStore|Any CPU.ActiveCfg = Release|x86
		{F847B968-EC14-44F9-AB68-FD0A2119B092}.AppStore|Any CPU.Build.0 = Release|x86
		{F847B968-EC14-44F9-AB68-FD0A2119B092}.AppStore|Any CPU.Deploy.0 = Release|x86
		{F847B968-EC14-44F9-AB68-FD0A2119B092}.AppStore|ARM.ActiveCfg = Release|ARM
		{F847B968-EC14-44F9-AB68-FD0A2119B092}.AppStore|ARM.Build.0 = Release|ARM
		{F847B968-EC14-44F9-AB68-FD0A2119B092}.AppStore|ARM.Deploy.0 = Release|ARM
		{F847B968-EC14-44F9-AB68-FD0A2119B092}.AppStore|iPhone.ActiveCfg = Release|x86
		{F847B968-EC14-44F9-AB68-FD0A2119B092}.AppStore|iPhone.Build.0 = Release|x86
		{F847B968-EC14-44F9-AB68-FD0A2119B092}.AppStore|iPhone.Deploy.0 = Release|x86
		{F847B968-EC14-44F9-AB68-FD0A2119B092}.AppStore|iPhoneSimulator.ActiveCfg = Release|x86
		{F847B968-EC14-44F9-AB68-FD0A2119B092}.AppStore|iPhoneSimulator.Build.0 = Release|x86
		{F847B968-EC14-44F9-AB68-FD0A2119B092}.AppStore|iPhoneSimulator.Deploy.0 = Release|x86
		{F847B968-EC14-44F9-AB68-FD0A2119B092}.AppStore|x64.ActiveCfg = Release|x64
		{F847B968-EC14-44F9-AB68-FD0A2119B092}.AppStore|x64.Build.0 = Release|x64
		{F847B968-EC14-44F9-AB68-FD0A2119B092}.AppStore|x64.Deploy.0 = Release|x64
		{F847B968-EC14-44F9-AB68-FD0A2119B092}.AppStore|x86.ActiveCfg = Release|x86
		{F847B968-EC14-44F9-AB68-FD0A2119B092}.AppStore|x86.Build.0 = Release|x86
		{F847B968-EC14-44F9-AB68-FD0A2119B092}.AppStore|x86.Deploy.0 = Release|x86
		{F847B968-EC14-44F9-AB68-FD0A2119B092}.Debug|Any CPU.ActiveCfg = Debug|x86
		{F847B968-EC14-44F9-AB68-FD0A2119B092}.Debug|ARM.ActiveCfg = Debug|ARM
		{F847B968-EC14-44F9-AB68-FD0A2119B092}.Debug|ARM.Build.0 = Debug|ARM
		{F847B968-EC14-44F9-AB68-FD0A2119B092}.Debug|ARM.Deploy.0 = Debug|ARM
		{F847B968-EC14-44F9-AB68-FD0A2119B092}.Debug|iPhone.ActiveCfg = Debug|x86
		{F847B968-EC14-44F9-AB68-FD0A2119B092}.Debug|iPhoneSimulator.ActiveCfg = Debug|x86
		{F847B968-EC14-44F9-AB68-FD0A2119B092}.Debug|x64.ActiveCfg = Debug|x64
		{F847B968-EC14-44F9-AB68-FD0A2119B092}.Debug|x64.Build.0 = Debug|x64
		{F847B968-EC14-44F9-AB68-FD0A2119B092}.Debug|x64.Deploy.0 = Debug|x64
		{F847B968-EC14-44F9-AB68-FD0A2119B092}.Debug|x86.ActiveCfg = Debug|x86
		{F847B968-EC14-44F9-AB68-FD0A2119B092}.Debug|x86.Build.0 = Debug|x86
		{F847B968-EC14-44F9-AB68-FD0A2119B092}.Debug|x86.Deploy.0 = Debug|x86
		{F847B968-EC14-44F9-AB68-FD0A2119B092}.Release|Any CPU.ActiveCfg = Release|x86
		{F847B968-EC14-44F9-AB68-FD0A2119B092}.Release|ARM.ActiveCfg = Release|ARM
		{F847B968-EC14-44F9-AB68-FD0A2119B092}.Release|ARM.Build.0 = Release|ARM
		{F847B968-EC14-44F9-AB68-FD0A2119B092}.Release|ARM.Deploy.0 = Release|ARM
		{F847B968-EC14-44F9-AB68-FD0A2119B092}.Release|iPhone.ActiveCfg = Release|x86
		{F847B968-EC14-44F9-AB68-FD0A2119B092}.Release|iPhoneSimulator.ActiveCfg = Release|x86
		{F847B968-EC14-44F9-AB68-FD0A2119B092}.Release|x64.ActiveCfg = Release|x64
		{F847B968-EC14-44F9-AB68-FD0A2119B092}.Release|x64.Build.0 = Release|x64
		{F847B968-EC14-44F9-AB68-FD0A2119B092}.Release|x64.Deploy.0 = Release|x64
		{F847B968-EC14-44F9-AB68-FD0A2119B092}.Release|x86.ActiveCfg = Release|x86
		{F847B968-EC14-44F9-AB68-FD0A2119B092}.Release|x86.Build.0 = Release|x86
		{F847B968-EC14-44F9-AB68-FD0A2119B092}.Release|x86.Deploy.0 = Release|x86
		{0D05D2F8-B30F-415F-9F8A-DD628ECF3BC0}.Ad-Hoc|Any CPU.ActiveCfg = Release|Any CPU
		{0D05D2F8-B30F-415F-9F8A-DD628ECF3BC0}.Ad-Hoc|Any CPU.Build.0 = Release|Any CPU
		{0D05D2F8-B30F-415F-9F8A-DD628ECF3BC0}.Ad-Hoc|Any CPU.Deploy.0 = Release|Any CPU
		{0D05D2F8-B30F-415F-9F8A-DD628ECF3BC0}.Ad-Hoc|ARM.ActiveCfg = Release|ARM
		{0D05D2F8-B30F-415F-9F8A-DD628ECF3BC0}.Ad-Hoc|ARM.Build.0 = Release|ARM
		{0D05D2F8-B30F-415F-9F8A-DD628ECF3BC0}.Ad-Hoc|ARM.Deploy.0 = Release|ARM
		{0D05D2F8-B30F-415F-9F8A-DD628ECF3BC0}.Ad-Hoc|iPhone.ActiveCfg = Release|Any CPU
		{0D05D2F8-B30F-415F-9F8A-DD628ECF3BC0}.Ad-Hoc|iPhone.Build.0 = Release|Any CPU
		{0D05D2F8-B30F-415F-9F8A-DD628ECF3BC0}.Ad-Hoc|iPhone.Deploy.0 = Release|Any CPU
		{0D05D2F8-B30F-415F-9F8A-DD628ECF3BC0}.Ad-Hoc|iPhoneSimulator.ActiveCfg = Release|Any CPU
		{0D05D2F8-B30F-415F-9F8A-DD628ECF3BC0}.Ad-Hoc|iPhoneSimulator.Build.0 = Release|Any CPU
		{0D05D2F8-B30F-415F-9F8A-DD628ECF3BC0}.Ad-Hoc|iPhoneSimulator.Deploy.0 = Release|Any CPU
		{0D05D2F8-B30F-415F-9F8A-DD628ECF3BC0}.Ad-Hoc|x64.ActiveCfg = Release|x64
		{0D05D2F8-B30F-415F-9F8A-DD628ECF3BC0}.Ad-Hoc|x64.Build.0 = Release|x64
		{0D05D2F8-B30F-415F-9F8A-DD628ECF3BC0}.Ad-Hoc|x64.Deploy.0 = Release|x64
		{0D05D2F8-B30F-415F-9F8A-DD628ECF3BC0}.Ad-Hoc|x86.ActiveCfg = Release|x86
		{0D05D2F8-B30F-415F-9F8A-DD628ECF3BC0}.Ad-Hoc|x86.Build.0 = Release|x86
		{0D05D2F8-B30F-415F-9F8A-DD628ECF3BC0}.Ad-Hoc|x86.Deploy.0 = Release|x86
		{0D05D2F8-B30F-415F-9F8A-DD628ECF3BC0}.AppStore|Any CPU.ActiveCfg = Release|Any CPU
		{0D05D2F8-B30F-415F-9F8A-DD628ECF3BC0}.AppStore|Any CPU.Build.0 = Release|Any CPU
		{0D05D2F8-B30F-415F-9F8A-DD628ECF3BC0}.AppStore|Any CPU.Deploy.0 = Release|Any CPU
		{0D05D2F8-B30F-415F-9F8A-DD628ECF3BC0}.AppStore|ARM.ActiveCfg = Release|ARM
		{0D05D2F8-B30F-415F-9F8A-DD628ECF3BC0}.AppStore|ARM.Build.0 = Release|ARM
		{0D05D2F8-B30F-415F-9F8A-DD628ECF3BC0}.AppStore|ARM.Deploy.0 = Release|ARM
		{0D05D2F8-B30F-415F-9F8A-DD628ECF3BC0}.AppStore|iPhone.ActiveCfg = Release|Any CPU
		{0D05D2F8-B30F-415F-9F8A-DD628ECF3BC0}.AppStore|iPhone.Build.0 = Release|Any CPU
		{0D05D2F8-B30F-415F-9F8A-DD628ECF3BC0}.AppStore|iPhone.Deploy.0 = Release|Any CPU
		{0D05D2F8-B30F-415F-9F8A-DD628ECF3BC0}.AppStore|iPhoneSimulator.ActiveCfg = Release|Any CPU
		{0D05D2F8-B30F-415F-9F8A-DD628ECF3BC0}.AppStore|iPhoneSimulator.Build.0 = Release|Any CPU
		{0D05D2F8-B30F-415F-9F8A-DD628ECF3BC0}.AppStore|iPhoneSimulator.Deploy.0 = Release|Any CPU
		{0D05D2F8-B30F-415F-9F8A-DD628ECF3BC0}.AppStore|x64.ActiveCfg = Release|x64
		{0D05D2F8-B30F-415F-9F8A-DD628ECF3BC0}.AppStore|x64.Build.0 = Release|x64
		{0D05D2F8-B30F-415F-9F8A-DD628ECF3BC0}.AppStore|x64.Deploy.0 = Release|x64
		{0D05D2F8-B30F-415F-9F8A-DD628ECF3BC0}.AppStore|x86.ActiveCfg = Release|x86
		{0D05D2F8-B30F-415F-9F8A-DD628ECF3BC0}.AppStore|x86.Build.0 = Release|x86
		{0D05D2F8-B30F-415F-9F8A-DD628ECF3BC0}.AppStore|x86.Deploy.0 = Release|x86
		{0D05D2F8-B30F-415F-9F8A-DD628ECF3BC0}.Debug|Any CPU.ActiveCfg = Debug|Any CPU
		{0D05D2F8-B30F-415F-9F8A-DD628ECF3BC0}.Debug|Any CPU.Build.0 = Debug|Any CPU
		{0D05D2F8-B30F-415F-9F8A-DD628ECF3BC0}.Debug|Any CPU.Deploy.0 = Debug|Any CPU
		{0D05D2F8-B30F-415F-9F8A-DD628ECF3BC0}.Debug|ARM.ActiveCfg = Debug|ARM
		{0D05D2F8-B30F-415F-9F8A-DD628ECF3BC0}.Debug|ARM.Build.0 = Debug|ARM
		{0D05D2F8-B30F-415F-9F8A-DD628ECF3BC0}.Debug|ARM.Deploy.0 = Debug|ARM
		{0D05D2F8-B30F-415F-9F8A-DD628ECF3BC0}.Debug|iPhone.ActiveCfg = Debug|Any CPU
		{0D05D2F8-B30F-415F-9F8A-DD628ECF3BC0}.Debug|iPhone.Build.0 = Debug|Any CPU
		{0D05D2F8-B30F-415F-9F8A-DD628ECF3BC0}.Debug|iPhone.Deploy.0 = Debug|Any CPU
		{0D05D2F8-B30F-415F-9F8A-DD628ECF3BC0}.Debug|iPhoneSimulator.ActiveCfg = Debug|Any CPU
		{0D05D2F8-B30F-415F-9F8A-DD628ECF3BC0}.Debug|iPhoneSimulator.Build.0 = Debug|Any CPU
		{0D05D2F8-B30F-415F-9F8A-DD628ECF3BC0}.Debug|iPhoneSimulator.Deploy.0 = Debug|Any CPU
		{0D05D2F8-B30F-415F-9F8A-DD628ECF3BC0}.Debug|x64.ActiveCfg = Debug|x64
		{0D05D2F8-B30F-415F-9F8A-DD628ECF3BC0}.Debug|x64.Build.0 = Debug|x64
		{0D05D2F8-B30F-415F-9F8A-DD628ECF3BC0}.Debug|x64.Deploy.0 = Debug|x64
		{0D05D2F8-B30F-415F-9F8A-DD628ECF3BC0}.Debug|x86.ActiveCfg = Debug|x86
		{0D05D2F8-B30F-415F-9F8A-DD628ECF3BC0}.Debug|x86.Build.0 = Debug|x86
		{0D05D2F8-B30F-415F-9F8A-DD628ECF3BC0}.Debug|x86.Deploy.0 = Debug|x86
		{0D05D2F8-B30F-415F-9F8A-DD628ECF3BC0}.Release|Any CPU.ActiveCfg = Release|Any CPU
		{0D05D2F8-B30F-415F-9F8A-DD628ECF3BC0}.Release|Any CPU.Build.0 = Release|Any CPU
		{0D05D2F8-B30F-415F-9F8A-DD628ECF3BC0}.Release|Any CPU.Deploy.0 = Release|Any CPU
		{0D05D2F8-B30F-415F-9F8A-DD628ECF3BC0}.Release|ARM.ActiveCfg = Release|ARM
		{0D05D2F8-B30F-415F-9F8A-DD628ECF3BC0}.Release|ARM.Build.0 = Release|ARM
		{0D05D2F8-B30F-415F-9F8A-DD628ECF3BC0}.Release|ARM.Deploy.0 = Release|ARM
		{0D05D2F8-B30F-415F-9F8A-DD628ECF3BC0}.Release|iPhone.ActiveCfg = Release|Any CPU
		{0D05D2F8-B30F-415F-9F8A-DD628ECF3BC0}.Release|iPhone.Build.0 = Release|Any CPU
		{0D05D2F8-B30F-415F-9F8A-DD628ECF3BC0}.Release|iPhone.Deploy.0 = Release|Any CPU
		{0D05D2F8-B30F-415F-9F8A-DD628ECF3BC0}.Release|iPhoneSimulator.ActiveCfg = Release|Any CPU
		{0D05D2F8-B30F-415F-9F8A-DD628ECF3BC0}.Release|iPhoneSimulator.Build.0 = Release|Any CPU
		{0D05D2F8-B30F-415F-9F8A-DD628ECF3BC0}.Release|iPhoneSimulator.Deploy.0 = Release|Any CPU
		{0D05D2F8-B30F-415F-9F8A-DD628ECF3BC0}.Release|x64.ActiveCfg = Release|x64
		{0D05D2F8-B30F-415F-9F8A-DD628ECF3BC0}.Release|x64.Build.0 = Release|x64
		{0D05D2F8-B30F-415F-9F8A-DD628ECF3BC0}.Release|x64.Deploy.0 = Release|x64
		{0D05D2F8-B30F-415F-9F8A-DD628ECF3BC0}.Release|x86.ActiveCfg = Release|x86
		{0D05D2F8-B30F-415F-9F8A-DD628ECF3BC0}.Release|x86.Build.0 = Release|x86
		{0D05D2F8-B30F-415F-9F8A-DD628ECF3BC0}.Release|x86.Deploy.0 = Release|x86
		{1E526D04-98B4-4F8C-88C9-902E9309F951}.Ad-Hoc|Any CPU.ActiveCfg = Release|Any CPU
		{1E526D04-98B4-4F8C-88C9-902E9309F951}.Ad-Hoc|Any CPU.Build.0 = Release|Any CPU
		{1E526D04-98B4-4F8C-88C9-902E9309F951}.Ad-Hoc|ARM.ActiveCfg = Release|Any CPU
		{1E526D04-98B4-4F8C-88C9-902E9309F951}.Ad-Hoc|ARM.Build.0 = Release|Any CPU
		{1E526D04-98B4-4F8C-88C9-902E9309F951}.Ad-Hoc|iPhone.ActiveCfg = Release|Any CPU
		{1E526D04-98B4-4F8C-88C9-902E9309F951}.Ad-Hoc|iPhone.Build.0 = Release|Any CPU
		{1E526D04-98B4-4F8C-88C9-902E9309F951}.Ad-Hoc|iPhoneSimulator.ActiveCfg = Release|Any CPU
		{1E526D04-98B4-4F8C-88C9-902E9309F951}.Ad-Hoc|iPhoneSimulator.Build.0 = Release|Any CPU
		{1E526D04-98B4-4F8C-88C9-902E9309F951}.Ad-Hoc|x64.ActiveCfg = Release|Any CPU
		{1E526D04-98B4-4F8C-88C9-902E9309F951}.Ad-Hoc|x64.Build.0 = Release|Any CPU
		{1E526D04-98B4-4F8C-88C9-902E9309F951}.Ad-Hoc|x86.ActiveCfg = Release|Any CPU
		{1E526D04-98B4-4F8C-88C9-902E9309F951}.Ad-Hoc|x86.Build.0 = Release|Any CPU
		{1E526D04-98B4-4F8C-88C9-902E9309F951}.AppStore|Any CPU.ActiveCfg = Release|Any CPU
		{1E526D04-98B4-4F8C-88C9-902E9309F951}.AppStore|Any CPU.Build.0 = Release|Any CPU
		{1E526D04-98B4-4F8C-88C9-902E9309F951}.AppStore|ARM.ActiveCfg = Release|Any CPU
		{1E526D04-98B4-4F8C-88C9-902E9309F951}.AppStore|ARM.Build.0 = Release|Any CPU
		{1E526D04-98B4-4F8C-88C9-902E9309F951}.AppStore|iPhone.ActiveCfg = Release|Any CPU
		{1E526D04-98B4-4F8C-88C9-902E9309F951}.AppStore|iPhone.Build.0 = Release|Any CPU
		{1E526D04-98B4-4F8C-88C9-902E9309F951}.AppStore|iPhoneSimulator.ActiveCfg = Release|Any CPU
		{1E526D04-98B4-4F8C-88C9-902E9309F951}.AppStore|iPhoneSimulator.Build.0 = Release|Any CPU
		{1E526D04-98B4-4F8C-88C9-902E9309F951}.AppStore|x64.ActiveCfg = Release|Any CPU
		{1E526D04-98B4-4F8C-88C9-902E9309F951}.AppStore|x64.Build.0 = Release|Any CPU
		{1E526D04-98B4-4F8C-88C9-902E9309F951}.AppStore|x86.ActiveCfg = Release|Any CPU
		{1E526D04-98B4-4F8C-88C9-902E9309F951}.AppStore|x86.Build.0 = Release|Any CPU
		{1E526D04-98B4-4F8C-88C9-902E9309F951}.Debug|Any CPU.ActiveCfg = Debug|Any CPU
		{1E526D04-98B4-4F8C-88C9-902E9309F951}.Debug|Any CPU.Build.0 = Debug|Any CPU
		{1E526D04-98B4-4F8C-88C9-902E9309F951}.Debug|ARM.ActiveCfg = Debug|Any CPU
		{1E526D04-98B4-4F8C-88C9-902E9309F951}.Debug|ARM.Build.0 = Debug|Any CPU
		{1E526D04-98B4-4F8C-88C9-902E9309F951}.Debug|iPhone.ActiveCfg = Debug|Any CPU
		{1E526D04-98B4-4F8C-88C9-902E9309F951}.Debug|iPhone.Build.0 = Debug|Any CPU
		{1E526D04-98B4-4F8C-88C9-902E9309F951}.Debug|iPhoneSimulator.ActiveCfg = Debug|Any CPU
		{1E526D04-98B4-4F8C-88C9-902E9309F951}.Debug|iPhoneSimulator.Build.0 = Debug|Any CPU
		{1E526D04-98B4-4F8C-88C9-902E9309F951}.Debug|x64.ActiveCfg = Debug|Any CPU
		{1E526D04-98B4-4F8C-88C9-902E9309F951}.Debug|x64.Build.0 = Debug|Any CPU
		{1E526D04-98B4-4F8C-88C9-902E9309F951}.Debug|x86.ActiveCfg = Debug|Any CPU
		{1E526D04-98B4-4F8C-88C9-902E9309F951}.Debug|x86.Build.0 = Debug|Any CPU
		{1E526D04-98B4-4F8C-88C9-902E9309F951}.Release|Any CPU.ActiveCfg = Release|Any CPU
		{1E526D04-98B4-4F8C-88C9-902E9309F951}.Release|Any CPU.Build.0 = Release|Any CPU
		{1E526D04-98B4-4F8C-88C9-902E9309F951}.Release|ARM.ActiveCfg = Release|Any CPU
		{1E526D04-98B4-4F8C-88C9-902E9309F951}.Release|ARM.Build.0 = Release|Any CPU
		{1E526D04-98B4-4F8C-88C9-902E9309F951}.Release|iPhone.ActiveCfg = Release|Any CPU
		{1E526D04-98B4-4F8C-88C9-902E9309F951}.Release|iPhone.Build.0 = Release|Any CPU
		{1E526D04-98B4-4F8C-88C9-902E9309F951}.Release|iPhoneSimulator.ActiveCfg = Release|Any CPU
		{1E526D04-98B4-4F8C-88C9-902E9309F951}.Release|iPhoneSimulator.Build.0 = Release|Any CPU
		{1E526D04-98B4-4F8C-88C9-902E9309F951}.Release|x64.ActiveCfg = Release|Any CPU
		{1E526D04-98B4-4F8C-88C9-902E9309F951}.Release|x64.Build.0 = Release|Any CPU
		{1E526D04-98B4-4F8C-88C9-902E9309F951}.Release|x86.ActiveCfg = Release|Any CPU
		{1E526D04-98B4-4F8C-88C9-902E9309F951}.Release|x86.Build.0 = Release|Any CPU
	EndGlobalSection
	GlobalSection(SolutionProperties) = preSolution
		HideSolutionNode = FALSE
	EndGlobalSection
EndGlobal
